
Microsoft Visual Studio Solution File, Format Version 12.00
# Visual Studio Version 17
VisualStudioVersion = 17.9.34723.18
MinimumVisualStudioVersion = 10.0.40219.1
Project("{FAE04EC0-301F-11D3-BF4B-00C04F79EFBC}") = "RealEstate_Dapper_Api", "RealEstate_Dapper_Api\RealEstate_Dapper_Api.csproj", "{7C7A2CBA-00C4-4758-8104-A33381E4C1DE}"
EndProject
Project("{FAE04EC0-301F-11D3-BF4B-00C04F79EFBC}") = "RealEstate_Dapper_UI", "RealEstate_Dapper_UI\RealEstate_Dapper_UI.csproj", "{14909380-C4EC-4114-B15F-553208A353E5}"
EndProject
Global
	GlobalSection(SolutionConfigurationPlatforms) = preSolution
		Debug|Any CPU = Debug|Any CPU
		Release|Any CPU = Release|Any CPU
	EndGlobalSection
	GlobalSection(ProjectConfigurationPlatforms) = postSolution
		{7C7A2CBA-00C4-4758-8104-A33381E4C1DE}.Debug|Any CPU.ActiveCfg = Debug|Any CPU
		{7C7A2CBA-00C4-4758-8104-A33381E4C1DE}.Debug|Any CPU.Build.0 = Debug|Any CPU
		{7C7A2CBA-00C4-4758-8104-A33381E4C1DE}.Release|Any CPU.ActiveCfg = Release|Any CPU
		{7C7A2CBA-00C4-4758-8104-A33381E4C1DE}.Release|Any CPU.Build.0 = Release|Any CPU
		{14909380-C4EC-4114-B15F-553208A353E5}.Debug|Any CPU.ActiveCfg = Debug|Any CPU
		{14909380-C4EC-4114-B15F-553208A353E5}.Debug|Any CPU.Build.0 = Debug|Any CPU
		{14909380-C4EC-4114-B15F-553208A353E5}.Release|Any CPU.ActiveCfg = Release|Any CPU
		{14909380-C4EC-4114-B15F-553208A353E5}.Release|Any CPU.Build.0 = Release|Any CPU
	EndGlobalSection
	GlobalSection(SolutionProperties) = preSolution
		HideSolutionNode = FALSE
	EndGlobalSection
	GlobalSection(ExtensibilityGlobals) = postSolution
		SolutionGuid = {29749353-77BF-4B5F-9AA2-92889234C599}
	EndGlobalSection
EndGlobal
